
Microsoft Visual Studio Solution File, Format Version 12.00
# Visual Studio 15
VisualStudioVersion = 15.0.28010.2026
MinimumVisualStudioVersion = 10.0.40219.1
Project("{8BC9CEB8-8B4A-11D0-8D11-00A0C91BC942}") = "hollows_hunter", "hollows_hunter\hollows_hunter.vcxproj", "{6CDAB225-CDF6-441A-8E5E-7C2A7BF81364}"
EndProject
Global
	GlobalSection(SolutionConfigurationPlatforms) = preSolution
		Debug|x64 = Debug|x64
		Debug|x86 = Debug|x86
		Release|x64 = Release|x64
		Release|x86 = Release|x86
	EndGlobalSection
	GlobalSection(ProjectConfigurationPlatforms) = postSolution
		{6CDAB225-CDF6-441A-8E5E-7C2A7BF81364}.Debug|x64.ActiveCfg = Debug|x64
		{6CDAB225-CDF6-441A-8E5E-7C2A7BF81364}.Debug|x64.Build.0 = Debug|x64
		{6CDAB225-CDF6-441A-8E5E-7C2A7BF81364}.Debug|x86.ActiveCfg = Debug|Win32
		{6CDAB225-CDF6-441A-8E5E-7C2A7BF81364}.Debug|x86.Build.0 = Debug|Win32
		{6CDAB225-CDF6-441A-8E5E-7C2A7BF81364}.Release|x64.ActiveCfg = Release|x64
		{6CDAB225-CDF6-441A-8E5E-7C2A7BF81364}.Release|x64.Build.0 = Release|x64
		{6CDAB225-CDF6-441A-8E5E-7C2A7BF81364}.Release|x86.ActiveCfg = Release|Win32
		{6CDAB225-CDF6-441A-8E5E-7C2A7BF81364}.Release|x86.Build.0 = Release|Win32
	EndGlobalSection
	GlobalSection(SolutionProperties) = preSolution
		HideSolutionNode = FALSE
	EndGlobalSection
	GlobalSection(ExtensibilityGlobals) = postSolution
		SolutionGuid = {D1F5C1ED-A1E2-40A5-A674-2721E0CD9206}
	EndGlobalSection
EndGlobal
